Microsoft Visual Studio Solution File, Format Version 12.00
# Visual Studio Version 17
VisualStudioVersion = 17.5.2.0
MinimumVisualStudioVersion = 10.0.40219.1
Project("{FAE04EC0-301F-11D3-BF4B-00C04F79EFBC}") = "Desafio03", "Desafio03.csproj", "{A11B6EF3-9E91-4936-3367-746AD9C765A5}"
EndProject
Global
	GlobalSection(SolutionConfigurationPlatforms) = preSolution
		Debug|Any CPU = Debug|Any CPU
		Release|Any CPU = Release|Any CPU
	EndGlobalSection
	GlobalSection(ProjectConfigurationPlatforms) = postSolution
		{A11B6EF3-9E91-4936-3367-746AD9C765A5}.Debug|Any CPU.ActiveCfg = Debug|Any CPU
		{A11B6EF3-9E91-4936-3367-746AD9C765A5}.Debug|Any CPU.Build.0 = Debug|Any CPU
		{A11B6EF3-9E91-4936-3367-746AD9C765A5}.Release|Any CPU.ActiveCfg = Release|Any CPU
		{A11B6EF3-9E91-4936-3367-746AD9C765A5}.Release|Any CPU.Build.0 = Release|Any CPU
	EndGlobalSection
	GlobalSection(SolutionProperties) = preSolution
		HideSolutionNode = FALSE
	EndGlobalSection
	GlobalSection(ExtensibilityGlobals) = postSolution
		SolutionGuid = {2DFCE37A-DA43-44AF-8F86-0A6F8DBADFC6}
	EndGlobalSection
EndGlobal
